
Microsoft Visual Studio Solution File, Format Version 12.00
# Visual Studio Version 16
VisualStudioVersion = 16.0.29025.244
MinimumVisualStudioVersion = 10.0.40219.1
Project("{9A19103F-16F7-4668-BE54-9A1E7A4F7556}") = "JSSoft.Library.Commands", "JSSoft.Library.Commands\JSSoft.Library.Commands\JSSoft.Library.Commands.csproj", "{0F1BE7C4-8996-406E-8172-1105F1E8E948}"
EndProject
Project("{9A19103F-16F7-4668-BE54-9A1E7A4F7556}") = "JSSoft.Library.Commands.Parse", "JSSoft.Library.Commands\JSSoft.Library.Commands.Parse\JSSoft.Library.Commands.Parse.csproj", "{C86F7869-30C1-4775-960C-F97D590774F7}"
EndProject
Project("{9A19103F-16F7-4668-BE54-9A1E7A4F7556}") = "JSSoft.Library.Commands.Invoke", "JSSoft.Library.Commands\JSSoft.Library.Commands.Invoke\JSSoft.Library.Commands.Invoke.csproj", "{F0C8EB82-69FE-4E68-8732-2DB814933807}"
EndProject
Project("{9A19103F-16F7-4668-BE54-9A1E7A4F7556}") = "JSSoft.Library.Commands.Repl", "JSSoft.Library.Commands\JSSoft.Library.Commands.Repl\JSSoft.Library.Commands.Repl.csproj", "{B55042D0-D2DB-4804-A0AD-71FB03780B15}"
EndProject
Project("{9A19103F-16F7-4668-BE54-9A1E7A4F7556}") = "JSSoft.Library.Commands.Test", "JSSoft.Library.Commands\JSSoft.Library.Commands.Test\JSSoft.Library.Commands.Test.csproj", "{16C6DF61-5111-4162-9CF7-583937AD9708}"
EndProject
Project("{2150E333-8FDC-42A3-9474-1A3956D46DE8}") = "etc", "etc", "{DF2FD188-91BD-43CC-9EDB-A95447DCDBD8}"
	ProjectSection(SolutionItems) = preProject
		JSSoft.Library.Commands\.editorconfig = JSSoft.Library.Commands\.editorconfig
		JSSoft.Library.Commands\Directory.Build.props = JSSoft.Library.Commands\Directory.Build.props
		JSSoft.Library.Commands\netfx.props = JSSoft.Library.Commands\netfx.props
	EndProjectSection
EndProject
Project("{9A19103F-16F7-4668-BE54-9A1E7A4F7556}") = "JSSoft.Library", "JSSoft.Library\JSSoft.Library\JSSoft.Library.csproj", "{ACDCCD08-4DEE-4EEB-B5FD-266F88E6B631}"
EndProject
Project("{FAE04EC0-301F-11D3-BF4B-00C04F79EFBC}") = "JSSoft.Library.Test", "JSSoft.Library\JSSoft.Library.Test\JSSoft.Library.Test.csproj", "{D9A88033-6BEA-4B73-82BA-4BA8387729D7}"
EndProject
Project("{FAE04EC0-301F-11D3-BF4B-00C04F79EFBC}") = "JSSoft.Library.Random", "JSSoft.Library\JSSoft.Library.Random\JSSoft.Library.Random.csproj", "{51EE9A4E-50FE-47D8-B788-653589404091}"
EndProject
Global
	GlobalSection(SolutionConfigurationPlatforms) = preSolution
		Debug|Any CPU = Debug|Any CPU
		Debug|x64 = Debug|x64
		Debug|x86 = Debug|x86
		Release|Any CPU = Release|Any CPU
		Release|x64 = Release|x64
		Release|x86 = Release|x86
	EndGlobalSection
	GlobalSection(ProjectConfigurationPlatforms) = postSolution
		{0F1BE7C4-8996-406E-8172-1105F1E8E948}.Debug|Any CPU.ActiveCfg = Debug|Any CPU
		{0F1BE7C4-8996-406E-8172-1105F1E8E948}.Debug|Any CPU.Build.0 = Debug|Any CPU
		{0F1BE7C4-8996-406E-8172-1105F1E8E948}.Debug|x64.ActiveCfg = Debug|Any CPU
		{0F1BE7C4-8996-406E-8172-1105F1E8E948}.Debug|x64.Build.0 = Debug|Any CPU
		{0F1BE7C4-8996-406E-8172-1105F1E8E948}.Debug|x86.ActiveCfg = Debug|Any CPU
		{0F1BE7C4-8996-406E-8172-1105F1E8E948}.Debug|x86.Build.0 = Debug|Any CPU
		{0F1BE7C4-8996-406E-8172-1105F1E8E948}.Release|Any CPU.ActiveCfg = Release|Any CPU
		{0F1BE7C4-8996-406E-8172-1105F1E8E948}.Release|Any CPU.Build.0 = Release|Any CPU
		{0F1BE7C4-8996-406E-8172-1105F1E8E948}.Release|x64.ActiveCfg = Release|Any CPU
		{0F1BE7C4-8996-406E-8172-1105F1E8E948}.Release|x64.Build.0 = Release|Any CPU
		{0F1BE7C4-8996-406E-8172-1105F1E8E948}.Release|x86.ActiveCfg = Release|Any CPU
		{0F1BE7C4-8996-406E-8172-1105F1E8E948}.Release|x86.Build.0 = Release|Any CPU
		{C86F7869-30C1-4775-960C-F97D590774F7}.Debug|Any CPU.ActiveCfg = Debug|Any CPU
		{C86F7869-30C1-4775-960C-F97D590774F7}.Debug|Any CPU.Build.0 = Debug|Any CPU
		{C86F7869-30C1-4775-960C-F97D590774F7}.Debug|x64.ActiveCfg = Debug|Any CPU
		{C86F7869-30C1-4775-960C-F97D590774F7}.Debug|x64.Build.0 = Debug|Any CPU
		{C86F7869-30C1-4775-960C-F97D590774F7}.Debug|x86.ActiveCfg = Debug|Any CPU
		{C86F7869-30C1-4775-960C-F97D590774F7}.Debug|x86.Build.0 = Debug|Any CPU
		{C86F7869-30C1-4775-960C-F97D590774F7}.Release|Any CPU.ActiveCfg = Release|Any CPU
		{C86F7869-30C1-4775-960C-F97D590774F7}.Release|Any CPU.Build.0 = Release|Any CPU
		{C86F7869-30C1-4775-960C-F97D590774F7}.Release|x64.ActiveCfg = Release|Any CPU
		{C86F7869-30C1-4775-960C-F97D590774F7}.Release|x64.Build.0 = Release|Any CPU
		{C86F7869-30C1-4775-960C-F97D590774F7}.Release|x86.ActiveCfg = Release|Any CPU
		{C86F7869-30C1-4775-960C-F97D590774F7}.Release|x86.Build.0 = Release|Any CPU
		{F0C8EB82-69FE-4E68-8732-2DB814933807}.Debug|Any CPU.ActiveCfg = Debug|Any CPU
		{F0C8EB82-69FE-4E68-8732-2DB814933807}.Debug|Any CPU.Build.0 = Debug|Any CPU
		{F0C8EB82-69FE-4E68-8732-2DB814933807}.Debug|x64.ActiveCfg = Debug|Any CPU
		{F0C8EB82-69FE-4E68-8732-2DB814933807}.Debug|x64.Build.0 = Debug|Any CPU
		{F0C8EB82-69FE-4E68-8732-2DB814933807}.Debug|x86.ActiveCfg = Debug|Any CPU
		{F0C8EB82-69FE-4E68-8732-2DB814933807}.Debug|x86.Build.0 = Debug|Any CPU
		{F0C8EB82-69FE-4E68-8732-2DB814933807}.Release|Any CPU.ActiveCfg = Release|Any CPU
		{F0C8EB82-69FE-4E68-8732-2DB814933807}.Release|Any CPU.Build.0 = Release|Any CPU
		{F0C8EB82-69FE-4E68-8732-2DB814933807}.Release|x64.ActiveCfg = Release|Any CPU
		{F0C8EB82-69FE-4E68-8732-2DB814933807}.Release|x64.Build.0 = Release|Any CPU
		{F0C8EB82-69FE-4E68-8732-2DB814933807}.Release|x86.ActiveCfg = Release|Any CPU
		{F0C8EB82-69FE-4E68-8732-2DB814933807}.Release|x86.Build.0 = Release|Any CPU
		{B55042D0-D2DB-4804-A0AD-71FB03780B15}.Debug|Any CPU.ActiveCfg = Debug|Any CPU
		{B55042D0-D2DB-4804-A0AD-71FB03780B15}.Debug|Any CPU.Build.0 = Debug|Any CPU
		{B55042D0-D2DB-4804-A0AD-71FB03780B15}.Debug|x64.ActiveCfg = Debug|Any CPU
		{B55042D0-D2DB-4804-A0AD-71FB03780B15}.Debug|x64.Build.0 = Debug|Any CPU
		{B55042D0-D2DB-4804-A0AD-71FB03780B15}.Debug|x86.ActiveCfg = Debug|Any CPU
		{B55042D0-D2DB-4804-A0AD-71FB03780B15}.Debug|x86.Build.0 = Debug|Any CPU
		{B55042D0-D2DB-4804-A0AD-71FB03780B15}.Release|Any CPU.ActiveCfg = Release|Any CPU
		{B55042D0-D2DB-4804-A0AD-71FB03780B15}.Release|Any CPU.Build.0 = Release|Any CPU
		{B55042D0-D2DB-4804-A0AD-71FB03780B15}.Release|x64.ActiveCfg = Release|Any CPU
		{B55042D0-D2DB-4804-A0AD-71FB03780B15}.Release|x64.Build.0 = Release|Any CPU
		{B55042D0-D2DB-4804-A0AD-71FB03780B15}.Release|x86.ActiveCfg = Release|Any CPU
		{B55042D0-D2DB-4804-A0AD-71FB03780B15}.Release|x86.Build.0 = Release|Any CPU
		{16C6DF61-5111-4162-9CF7-583937AD9708}.Debug|Any CPU.ActiveCfg = Debug|Any CPU
		{16C6DF61-5111-4162-9CF7-583937AD9708}.Debug|Any CPU.Build.0 = Debug|Any CPU
		{16C6DF61-5111-4162-9CF7-583937AD9708}.Debug|x64.ActiveCfg = Debug|Any CPU
		{16C6DF61-5111-4162-9CF7-583937AD9708}.Debug|x64.Build.0 = Debug|Any CPU
		{16C6DF61-5111-4162-9CF7-583937AD9708}.Debug|x86.ActiveCfg = Debug|Any CPU
		{16C6DF61-5111-4162-9CF7-583937AD9708}.Debug|x86.Build.0 = Debug|Any CPU
		{16C6DF61-5111-4162-9CF7-583937AD9708}.Release|Any CPU.ActiveCfg = Release|Any CPU
		{16C6DF61-5111-4162-9CF7-583937AD9708}.Release|Any CPU.Build.0 = Release|Any CPU
		{16C6DF61-5111-4162-9CF7-583937AD9708}.Release|x64.ActiveCfg = Release|Any CPU
		{16C6DF61-5111-4162-9CF7-583937AD9708}.Release|x64.Build.0 = Release|Any CPU
		{16C6DF61-5111-4162-9CF7-583937AD9708}.Release|x86.ActiveCfg = Release|Any CPU
		{16C6DF61-5111-4162-9CF7-583937AD9708}.Release|x86.Build.0 = Release|Any CPU
		{ACDCCD08-4DEE-4EEB-B5FD-266F88E6B631}.Debug|Any CPU.ActiveCfg = Debug|Any CPU
		{ACDCCD08-4DEE-4EEB-B5FD-266F88E6B631}.Debug|Any CPU.Build.0 = Debug|Any CPU
		{ACDCCD08-4DEE-4EEB-B5FD-266F88E6B631}.Debug|x64.ActiveCfg = Debug|Any CPU
		{ACDCCD08-4DEE-4EEB-B5FD-266F88E6B631}.Debug|x64.Build.0 = Debug|Any CPU
		{ACDCCD08-4DEE-4EEB-B5FD-266F88E6B631}.Debug|x86.ActiveCfg = Debug|Any CPU
		{ACDCCD08-4DEE-4EEB-B5FD-266F88E6B631}.Debug|x86.Build.0 = Debug|Any CPU
		{ACDCCD08-4DEE-4EEB-B5FD-266F88E6B631}.Release|Any CPU.ActiveCfg = Release|Any CPU
		{ACDCCD08-4DEE-4EEB-B5FD-266F88E6B631}.Release|Any CPU.Build.0 = Release|Any CPU
		{ACDCCD08-4DEE-4EEB-B5FD-266F88E6B631}.Release|x64.ActiveCfg = Release|Any CPU
		{ACDCCD08-4DEE-4EEB-B5FD-266F88E6B631}.Release|x64.Build.0 = Release|Any CPU
		{ACDCCD08-4DEE-4EEB-B5FD-266F88E6B631}.Release|x86.ActiveCfg = Release|Any CPU
		{ACDCCD08-4DEE-4EEB-B5FD-266F88E6B631}.Release|x86.Build.0 = Release|Any CPU
		{D9A88033-6BEA-4B73-82BA-4BA8387729D7}.Debug|Any CPU.ActiveCfg = Debug|Any CPU
		{D9A88033-6BEA-4B73-82BA-4BA8387729D7}.Debug|Any CPU.Build.0 = Debug|Any CPU
		{D9A88033-6BEA-4B73-82BA-4BA8387729D7}.Debug|x64.ActiveCfg = Debug|Any CPU
		{D9A88033-6BEA-4B73-82BA-4BA8387729D7}.Debug|x64.Build.0 = Debug|Any CPU
		{D9A88033-6BEA-4B73-82BA-4BA8387729D7}.Debug|x86.ActiveCfg = Debug|Any CPU
		{D9A88033-6BEA-4B73-82BA-4BA8387729D7}.Debug|x86.Build.0 = Debug|Any CPU
		{D9A88033-6BEA-4B73-82BA-4BA8387729D7}.Release|Any CPU.ActiveCfg = Release|Any CPU
		{D9A88033-6BEA-4B73-82BA-4BA8387729D7}.Release|Any CPU.Build.0 = Release|Any CPU
		{D9A88033-6BEA-4B73-82BA-4BA8387729D7}.Release|x64.ActiveCfg = Release|Any CPU
		{D9A88033-6BEA-4B73-82BA-4BA8387729D7}.Release|x64.Build.0 = Release|Any CPU
		{D9A88033-6BEA-4B73-82BA-4BA8387729D7}.Release|x86.ActiveCfg = Release|Any CPU
		{D9A88033-6BEA-4B73-82BA-4BA8387729D7}.Release|x86.Build.0 = Release|Any CPU
		{51EE9A4E-50FE-47D8-B788-653589404091}.Debug|Any CPU.ActiveCfg = Debug|Any CPU
		{51EE9A4E-50FE-47D8-B788-653589404091}.Debug|Any CPU.Build.0 = Debug|Any CPU
		{51EE9A4E-50FE-47D8-B788-653589404091}.Debug|x64.ActiveCfg = Debug|Any CPU
		{51EE9A4E-50FE-47D8-B788-653589404091}.Debug|x64.Build.0 = Debug|Any CPU
		{51EE9A4E-50FE-47D8-B788-653589404091}.Debug|x86.ActiveCfg = Debug|Any CPU
		{51EE9A4E-50FE-47D8-B788-653589404091}.Debug|x86.Build.0 = Debug|Any CPU
		{51EE9A4E-50FE-47D8-B788-653589404091}.Release|Any CPU.ActiveCfg = Release|Any CPU
		{51EE9A4E-50FE-47D8-B788-653589404091}.Release|Any CPU.Build.0 = Release|Any CPU
		{51EE9A4E-50FE-47D8-B788-653589404091}.Release|x64.ActiveCfg = Release|Any CPU
		{51EE9A4E-50FE-47D8-B788-653589404091}.Release|x64.Build.0 = Release|Any CPU
		{51EE9A4E-50FE-47D8-B788-653589404091}.Release|x86.ActiveCfg = Release|Any CPU
		{51EE9A4E-50FE-47D8-B788-653589404091}.Release|x86.Build.0 = Release|Any CPU
	EndGlobalSection
	GlobalSection(SolutionProperties) = preSolution
		HideSolutionNode = FALSE
	EndGlobalSection
	GlobalSection(ExtensibilityGlobals) = postSolution
		SolutionGuid = {ED97A8D1-7DE5-4AE4-A2A6-303384BB1EFE}
	EndGlobalSection
EndGlobal
