
Microsoft Visual Studio Solution File, Format Version 12.00
# Visual Studio Version 17
VisualStudioVersion = 17.7.34031.279
MinimumVisualStudioVersion = 10.0.40219.1
Project("{2150E333-8FDC-42A3-9474-1A3956D46DE8}") = "test", "test", "{48D566AB-4138-430E-983D-6B7BD452ECEF}"
EndProject
Project("{FAE04EC0-301F-11D3-BF4B-00C04F79EFBC}") = "JSSoft.Terminals.Tests", "test\JSSoft.Terminals.Tests\JSSoft.Terminals.Tests.csproj", "{475CB056-8D2D-47E1-8E1C-A2665BFB3C4B}"
EndProject
Project("{2150E333-8FDC-42A3-9474-1A3956D46DE8}") = "src", "src", "{8DFE912F-9265-46E9-A06A-E1459794F713}"
EndProject
Project("{FAE04EC0-301F-11D3-BF4B-00C04F79EFBC}") = "JSSoft.Commands", "src\JSSoft.Commands\JSSoft.Commands.csproj", "{BDB61317-8ED6-4FF4-A664-41E9EE0ECCF5}"
EndProject
Project("{FAE04EC0-301F-11D3-BF4B-00C04F79EFBC}") = "JSSoft.Commands.Tests", "test\JSSoft.Commands.Tests\JSSoft.Commands.Tests.csproj", "{FC1A3CFF-D523-4429-817D-AF7B6C1D896B}"
EndProject
Project("{FAE04EC0-301F-11D3-BF4B-00C04F79EFBC}") = "JSSoft.Terminals", "src\JSSoft.Terminals\JSSoft.Terminals.csproj", "{37F73ACD-0F83-41CF-AF37-3DA7AE1C1ECA}"
EndProject
Project("{2150E333-8FDC-42A3-9474-1A3956D46DE8}") = "example", "example", "{981217FE-FB38-4E3D-A3C7-687F548DD475}"
EndProject
Project("{FAE04EC0-301F-11D3-BF4B-00C04F79EFBC}") = "JSSoft.Commands.Invoke", "example\JSSoft.Commands.Invoke\JSSoft.Commands.Invoke.csproj", "{4E83D4E6-2444-4FEC-AB34-05579A28F020}"
EndProject
Project("{FAE04EC0-301F-11D3-BF4B-00C04F79EFBC}") = "JSSoft.Commands.Parse", "example\JSSoft.Commands.Parse\JSSoft.Commands.Parse.csproj", "{7108513E-3EF8-40B5-BCAF-BA75563FAD2D}"
EndProject
Project("{FAE04EC0-301F-11D3-BF4B-00C04F79EFBC}") = "JSSoft.Commands.Repl", "example\JSSoft.Commands.Repl\JSSoft.Commands.Repl.csproj", "{55BED73E-7709-4364-97D1-17BD0826A4A5}"
EndProject
Project("{FAE04EC0-301F-11D3-BF4B-00C04F79EFBC}") = "JSSoft.Commands.Sets", "example\JSSoft.Commands.Sets\JSSoft.Commands.Sets.csproj", "{86C514EE-FF98-4BC4-8FCC-305A8D1AD1E8}"
EndProject
Global
	GlobalSection(SolutionConfigurationPlatforms) = preSolution
		Debug|Any CPU = Debug|Any CPU
		Debug|x64 = Debug|x64
		Debug|x86 = Debug|x86
		Release|Any CPU = Release|Any CPU
		Release|x64 = Release|x64
		Release|x86 = Release|x86
	EndGlobalSection
	GlobalSection(ProjectConfigurationPlatforms) = postSolution
		{475CB056-8D2D-47E1-8E1C-A2665BFB3C4B}.Debug|Any CPU.ActiveCfg = Debug|Any CPU
		{475CB056-8D2D-47E1-8E1C-A2665BFB3C4B}.Debug|Any CPU.Build.0 = Debug|Any CPU
		{475CB056-8D2D-47E1-8E1C-A2665BFB3C4B}.Debug|x64.ActiveCfg = Debug|Any CPU
		{475CB056-8D2D-47E1-8E1C-A2665BFB3C4B}.Debug|x64.Build.0 = Debug|Any CPU
		{475CB056-8D2D-47E1-8E1C-A2665BFB3C4B}.Debug|x86.ActiveCfg = Debug|Any CPU
		{475CB056-8D2D-47E1-8E1C-A2665BFB3C4B}.Debug|x86.Build.0 = Debug|Any CPU
		{475CB056-8D2D-47E1-8E1C-A2665BFB3C4B}.Release|Any CPU.ActiveCfg = Release|Any CPU
		{475CB056-8D2D-47E1-8E1C-A2665BFB3C4B}.Release|Any CPU.Build.0 = Release|Any CPU
		{475CB056-8D2D-47E1-8E1C-A2665BFB3C4B}.Release|x64.ActiveCfg = Release|Any CPU
		{475CB056-8D2D-47E1-8E1C-A2665BFB3C4B}.Release|x64.Build.0 = Release|Any CPU
		{475CB056-8D2D-47E1-8E1C-A2665BFB3C4B}.Release|x86.ActiveCfg = Release|Any CPU
		{475CB056-8D2D-47E1-8E1C-A2665BFB3C4B}.Release|x86.Build.0 = Release|Any CPU
		{BDB61317-8ED6-4FF4-A664-41E9EE0ECCF5}.Debug|Any CPU.ActiveCfg = Debug|Any CPU
		{BDB61317-8ED6-4FF4-A664-41E9EE0ECCF5}.Debug|Any CPU.Build.0 = Debug|Any CPU
		{BDB61317-8ED6-4FF4-A664-41E9EE0ECCF5}.Debug|x64.ActiveCfg = Debug|Any CPU
		{BDB61317-8ED6-4FF4-A664-41E9EE0ECCF5}.Debug|x64.Build.0 = Debug|Any CPU
		{BDB61317-8ED6-4FF4-A664-41E9EE0ECCF5}.Debug|x86.ActiveCfg = Debug|Any CPU
		{BDB61317-8ED6-4FF4-A664-41E9EE0ECCF5}.Debug|x86.Build.0 = Debug|Any CPU
		{BDB61317-8ED6-4FF4-A664-41E9EE0ECCF5}.Release|Any CPU.ActiveCfg = Release|Any CPU
		{BDB61317-8ED6-4FF4-A664-41E9EE0ECCF5}.Release|Any CPU.Build.0 = Release|Any CPU
		{BDB61317-8ED6-4FF4-A664-41E9EE0ECCF5}.Release|x64.ActiveCfg = Release|Any CPU
		{BDB61317-8ED6-4FF4-A664-41E9EE0ECCF5}.Release|x64.Build.0 = Release|Any CPU
		{BDB61317-8ED6-4FF4-A664-41E9EE0ECCF5}.Release|x86.ActiveCfg = Release|Any CPU
		{BDB61317-8ED6-4FF4-A664-41E9EE0ECCF5}.Release|x86.Build.0 = Release|Any CPU
		{FC1A3CFF-D523-4429-817D-AF7B6C1D896B}.Debug|Any CPU.ActiveCfg = Debug|Any CPU
		{FC1A3CFF-D523-4429-817D-AF7B6C1D896B}.Debug|Any CPU.Build.0 = Debug|Any CPU
		{FC1A3CFF-D523-4429-817D-AF7B6C1D896B}.Debug|x64.ActiveCfg = Debug|Any CPU
		{FC1A3CFF-D523-4429-817D-AF7B6C1D896B}.Debug|x64.Build.0 = Debug|Any CPU
		{FC1A3CFF-D523-4429-817D-AF7B6C1D896B}.Debug|x86.ActiveCfg = Debug|Any CPU
		{FC1A3CFF-D523-4429-817D-AF7B6C1D896B}.Debug|x86.Build.0 = Debug|Any CPU
		{FC1A3CFF-D523-4429-817D-AF7B6C1D896B}.Release|Any CPU.ActiveCfg = Release|Any CPU
		{FC1A3CFF-D523-4429-817D-AF7B6C1D896B}.Release|Any CPU.Build.0 = Release|Any CPU
		{FC1A3CFF-D523-4429-817D-AF7B6C1D896B}.Release|x64.ActiveCfg = Release|Any CPU
		{FC1A3CFF-D523-4429-817D-AF7B6C1D896B}.Release|x64.Build.0 = Release|Any CPU
		{FC1A3CFF-D523-4429-817D-AF7B6C1D896B}.Release|x86.ActiveCfg = Release|Any CPU
		{FC1A3CFF-D523-4429-817D-AF7B6C1D896B}.Release|x86.Build.0 = Release|Any CPU
		{37F73ACD-0F83-41CF-AF37-3DA7AE1C1ECA}.Debug|Any CPU.ActiveCfg = Debug|Any CPU
		{37F73ACD-0F83-41CF-AF37-3DA7AE1C1ECA}.Debug|Any CPU.Build.0 = Debug|Any CPU
		{37F73ACD-0F83-41CF-AF37-3DA7AE1C1ECA}.Debug|x64.ActiveCfg = Debug|Any CPU
		{37F73ACD-0F83-41CF-AF37-3DA7AE1C1ECA}.Debug|x64.Build.0 = Debug|Any CPU
		{37F73ACD-0F83-41CF-AF37-3DA7AE1C1ECA}.Debug|x86.ActiveCfg = Debug|Any CPU
		{37F73ACD-0F83-41CF-AF37-3DA7AE1C1ECA}.Debug|x86.Build.0 = Debug|Any CPU
		{37F73ACD-0F83-41CF-AF37-3DA7AE1C1ECA}.Release|Any CPU.ActiveCfg = Release|Any CPU
		{37F73ACD-0F83-41CF-AF37-3DA7AE1C1ECA}.Release|Any CPU.Build.0 = Release|Any CPU
		{37F73ACD-0F83-41CF-AF37-3DA7AE1C1ECA}.Release|x64.ActiveCfg = Release|Any CPU
		{37F73ACD-0F83-41CF-AF37-3DA7AE1C1ECA}.Release|x64.Build.0 = Release|Any CPU
		{37F73ACD-0F83-41CF-AF37-3DA7AE1C1ECA}.Release|x86.ActiveCfg = Release|Any CPU
		{37F73ACD-0F83-41CF-AF37-3DA7AE1C1ECA}.Release|x86.Build.0 = Release|Any CPU
		{4E83D4E6-2444-4FEC-AB34-05579A28F020}.Debug|Any CPU.ActiveCfg = Debug|Any CPU
		{4E83D4E6-2444-4FEC-AB34-05579A28F020}.Debug|Any CPU.Build.0 = Debug|Any CPU
		{4E83D4E6-2444-4FEC-AB34-05579A28F020}.Debug|x64.ActiveCfg = Debug|Any CPU
		{4E83D4E6-2444-4FEC-AB34-05579A28F020}.Debug|x64.Build.0 = Debug|Any CPU
		{4E83D4E6-2444-4FEC-AB34-05579A28F020}.Debug|x86.ActiveCfg = Debug|Any CPU
		{4E83D4E6-2444-4FEC-AB34-05579A28F020}.Debug|x86.Build.0 = Debug|Any CPU
		{4E83D4E6-2444-4FEC-AB34-05579A28F020}.Release|Any CPU.ActiveCfg = Release|Any CPU
		{4E83D4E6-2444-4FEC-AB34-05579A28F020}.Release|Any CPU.Build.0 = Release|Any CPU
		{4E83D4E6-2444-4FEC-AB34-05579A28F020}.Release|x64.ActiveCfg = Release|Any CPU
		{4E83D4E6-2444-4FEC-AB34-05579A28F020}.Release|x64.Build.0 = Release|Any CPU
		{4E83D4E6-2444-4FEC-AB34-05579A28F020}.Release|x86.ActiveCfg = Release|Any CPU
		{4E83D4E6-2444-4FEC-AB34-05579A28F020}.Release|x86.Build.0 = Release|Any CPU
		{7108513E-3EF8-40B5-BCAF-BA75563FAD2D}.Debug|Any CPU.ActiveCfg = Debug|Any CPU
		{7108513E-3EF8-40B5-BCAF-BA75563FAD2D}.Debug|Any CPU.Build.0 = Debug|Any CPU
		{7108513E-3EF8-40B5-BCAF-BA75563FAD2D}.Debug|x64.ActiveCfg = Debug|Any CPU
		{7108513E-3EF8-40B5-BCAF-BA75563FAD2D}.Debug|x64.Build.0 = Debug|Any CPU
		{7108513E-3EF8-40B5-BCAF-BA75563FAD2D}.Debug|x86.ActiveCfg = Debug|Any CPU
		{7108513E-3EF8-40B5-BCAF-BA75563FAD2D}.Debug|x86.Build.0 = Debug|Any CPU
		{7108513E-3EF8-40B5-BCAF-BA75563FAD2D}.Release|Any CPU.ActiveCfg = Release|Any CPU
		{7108513E-3EF8-40B5-BCAF-BA75563FAD2D}.Release|Any CPU.Build.0 = Release|Any CPU
		{7108513E-3EF8-40B5-BCAF-BA75563FAD2D}.Release|x64.ActiveCfg = Release|Any CPU
		{7108513E-3EF8-40B5-BCAF-BA75563FAD2D}.Release|x64.Build.0 = Release|Any CPU
		{7108513E-3EF8-40B5-BCAF-BA75563FAD2D}.Release|x86.ActiveCfg = Release|Any CPU
		{7108513E-3EF8-40B5-BCAF-BA75563FAD2D}.Release|x86.Build.0 = Release|Any CPU
		{55BED73E-7709-4364-97D1-17BD0826A4A5}.Debug|Any CPU.ActiveCfg = Debug|Any CPU
		{55BED73E-7709-4364-97D1-17BD0826A4A5}.Debug|Any CPU.Build.0 = Debug|Any CPU
		{55BED73E-7709-4364-97D1-17BD0826A4A5}.Debug|x64.ActiveCfg = Debug|Any CPU
		{55BED73E-7709-4364-97D1-17BD0826A4A5}.Debug|x64.Build.0 = Debug|Any CPU
		{55BED73E-7709-4364-97D1-17BD0826A4A5}.Debug|x86.ActiveCfg = Debug|Any CPU
		{55BED73E-7709-4364-97D1-17BD0826A4A5}.Debug|x86.Build.0 = Debug|Any CPU
		{55BED73E-7709-4364-97D1-17BD0826A4A5}.Release|Any CPU.ActiveCfg = Release|Any CPU
		{55BED73E-7709-4364-97D1-17BD0826A4A5}.Release|Any CPU.Build.0 = Release|Any CPU
		{55BED73E-7709-4364-97D1-17BD0826A4A5}.Release|x64.ActiveCfg = Release|Any CPU
		{55BED73E-7709-4364-97D1-17BD0826A4A5}.Release|x64.Build.0 = Release|Any CPU
		{55BED73E-7709-4364-97D1-17BD0826A4A5}.Release|x86.ActiveCfg = Release|Any CPU
		{55BED73E-7709-4364-97D1-17BD0826A4A5}.Release|x86.Build.0 = Release|Any CPU
		{86C514EE-FF98-4BC4-8FCC-305A8D1AD1E8}.Debug|Any CPU.ActiveCfg = Debug|Any CPU
		{86C514EE-FF98-4BC4-8FCC-305A8D1AD1E8}.Debug|Any CPU.Build.0 = Debug|Any CPU
		{86C514EE-FF98-4BC4-8FCC-305A8D1AD1E8}.Debug|x64.ActiveCfg = Debug|Any CPU
		{86C514EE-FF98-4BC4-8FCC-305A8D1AD1E8}.Debug|x64.Build.0 = Debug|Any CPU
		{86C514EE-FF98-4BC4-8FCC-305A8D1AD1E8}.Debug|x86.ActiveCfg = Debug|Any CPU
		{86C514EE-FF98-4BC4-8FCC-305A8D1AD1E8}.Debug|x86.Build.0 = Debug|Any CPU
		{86C514EE-FF98-4BC4-8FCC-305A8D1AD1E8}.Release|Any CPU.ActiveCfg = Release|Any CPU
		{86C514EE-FF98-4BC4-8FCC-305A8D1AD1E8}.Release|Any CPU.Build.0 = Release|Any CPU
		{86C514EE-FF98-4BC4-8FCC-305A8D1AD1E8}.Release|x64.ActiveCfg = Release|Any CPU
		{86C514EE-FF98-4BC4-8FCC-305A8D1AD1E8}.Release|x64.Build.0 = Release|Any CPU
		{86C514EE-FF98-4BC4-8FCC-305A8D1AD1E8}.Release|x86.ActiveCfg = Release|Any CPU
		{86C514EE-FF98-4BC4-8FCC-305A8D1AD1E8}.Release|x86.Build.0 = Release|Any CPU
	EndGlobalSection
	GlobalSection(SolutionProperties) = preSolution
		HideSolutionNode = FALSE
	EndGlobalSection
	GlobalSection(NestedProjects) = preSolution
		{475CB056-8D2D-47E1-8E1C-A2665BFB3C4B} = {48D566AB-4138-430E-983D-6B7BD452ECEF}
		{BDB61317-8ED6-4FF4-A664-41E9EE0ECCF5} = {8DFE912F-9265-46E9-A06A-E1459794F713}
		{FC1A3CFF-D523-4429-817D-AF7B6C1D896B} = {48D566AB-4138-430E-983D-6B7BD452ECEF}
		{37F73ACD-0F83-41CF-AF37-3DA7AE1C1ECA} = {8DFE912F-9265-46E9-A06A-E1459794F713}
		{4E83D4E6-2444-4FEC-AB34-05579A28F020} = {981217FE-FB38-4E3D-A3C7-687F548DD475}
		{7108513E-3EF8-40B5-BCAF-BA75563FAD2D} = {981217FE-FB38-4E3D-A3C7-687F548DD475}
		{55BED73E-7709-4364-97D1-17BD0826A4A5} = {981217FE-FB38-4E3D-A3C7-687F548DD475}
		{86C514EE-FF98-4BC4-8FCC-305A8D1AD1E8} = {981217FE-FB38-4E3D-A3C7-687F548DD475}
	EndGlobalSection
	GlobalSection(ExtensibilityGlobals) = postSolution
		SolutionGuid = {ED97A8D1-7DE5-4AE4-A2A6-303384BB1EFE}
	EndGlobalSection
	GlobalSection(SharedMSBuildProjectFiles) = preSolution
		JSSoft.Commands\JSSoft.Commands.Shared\JSSoft.Commands.Shared.projitems*{b55042d0-d2db-4804-a0ad-71fb03780b15}*SharedItemsImports = 5
		JSSoft.Commands\JSSoft.Commands.Shared\JSSoft.Commands.Shared.projitems*{d1daab6e-ba1d-4871-b3a0-baea55f03e08}*SharedItemsImports = 5
		JSSoft.Commands\JSSoft.Commands.Shared\JSSoft.Commands.Shared.projitems*{e67b82a8-8ec2-43c1-a59e-39c916ab2ec3}*SharedItemsImports = 5
		JSSoft.Commands\JSSoft.Commands.Shared\JSSoft.Commands.Shared.projitems*{f6427925-5255-4b00-be11-543b0539cc07}*SharedItemsImports = 13
	EndGlobalSection
EndGlobal
